
Microsoft Visual Studio Solution File, Format Version 12.00
# Visual Studio Version 17
VisualStudioVersion = 17.7.34009.444
MinimumVisualStudioVersion = 10.0.40219.1
Project("{FAE04EC0-301F-11D3-BF4B-00C04F79EFBC}") = "CodeGameAPP", "CodeGameAPP.csproj", "{19C2CF1F-2CE9-4610-B160-A66658E76487}"
	ProjectSection(ProjectDependencies) = postProject
		{0442C816-E518-4ABE-A179-211266EC53C8} = {0442C816-E518-4ABE-A179-211266EC53C8}
	EndProjectSection
EndProject
Project("{FAE04EC0-301F-11D3-BF4B-00C04F79EFBC}") = "LoginRegister", "..\LoginRegister\LoginRegister.csproj", "{0442C816-E518-4ABE-A179-211266EC53C8}"
EndProject
Global
	GlobalSection(SolutionConfigurationPlatforms) = preSolution
		Debug|Any CPU = Debug|Any CPU
		Release|Any CPU = Release|Any CPU
	EndGlobalSection
	GlobalSection(ProjectConfigurationPlatforms) = postSolution
		{19C2CF1F-2CE9-4610-B160-A66658E76487}.Debug|Any CPU.ActiveCfg = Debug|Any CPU
		{19C2CF1F-2CE9-4610-B160-A66658E76487}.Debug|Any CPU.Build.0 = Debug|Any CPU
		{19C2CF1F-2CE9-4610-B160-A66658E76487}.Release|Any CPU.ActiveCfg = Release|Any CPU
		{19C2CF1F-2CE9-4610-B160-A66658E76487}.Release|Any CPU.Build.0 = Release|Any CPU
		{0442C816-E518-4ABE-A179-211266EC53C8}.Debug|Any CPU.ActiveCfg = Debug|Any CPU
		{0442C816-E518-4ABE-A179-211266EC53C8}.Debug|Any CPU.Build.0 = Debug|Any CPU
		{0442C816-E518-4ABE-A179-211266EC53C8}.Release|Any CPU.ActiveCfg = Release|Any CPU
		{0442C816-E518-4ABE-A179-211266EC53C8}.Release|Any CPU.Build.0 = Release|Any CPU
	EndGlobalSection
	GlobalSection(SolutionProperties) = preSolution
		HideSolutionNode = FALSE
	EndGlobalSection
	GlobalSection(ExtensibilityGlobals) = postSolution
		SolutionGuid = {EB9BB00F-97C6-4630-9A6D-A5DE4A6171DB}
	EndGlobalSection
EndGlobal
